
Microsoft Visual Studio Solution File, Format Version 12.00
# Visual Studio Version 17
VisualStudioVersion = 17.5.33627.172
MinimumVisualStudioVersion = 10.0.40219.1
Project("{2150E333-8FDC-42A3-9474-1A3956D46DE8}") = "Challenge", "Challenge", "{D231E5D4-A200-44C8-9FE8-12B79B809032}"
EndProject
Project("{2150E333-8FDC-42A3-9474-1A3956D46DE8}") = "4.Services", "4.Services", "{0B5EA5C6-9305-451C-A2B9-D3A7598B3DC6}"
EndProject
Project("{2150E333-8FDC-42A3-9474-1A3956D46DE8}") = "3.Application", "3.Application", "{A539ABB5-0C6B-4C23-A2BC-83E78D8A5974}"
EndProject
Project("{2150E333-8FDC-42A3-9474-1A3956D46DE8}") = "1.DataAccess", "1.DataAccess", "{9DCDD611-8A8C-475E-BFCF-46F72087CDCD}"
EndProject
Project("{2150E333-8FDC-42A3-9474-1A3956D46DE8}") = "2.Domain", "2.Domain", "{01EA3AC7-A7E8-4717-9437-880B08D10641}"
EndProject
Project("{2150E333-8FDC-42A3-9474-1A3956D46DE8}") = "0 Infrastructure", "0 Infrastructure", "{F290A411-688B-4D66-B349-89633F714474}"
EndProject
Project("{9A19103F-16F7-4668-BE54-9A1E7A4F7556}") = "Challenge.Infrastructure", "Challenge.Infrastructure\Challenge.Infrastructure.csproj", "{2E2BCD23-816F-418A-AA51-7A28507E1BE4}"
EndProject
Project("{9A19103F-16F7-4668-BE54-9A1E7A4F7556}") = "Challenge.Mapping", "Challenge.Mapping\Challenge.Mapping.csproj", "{8EB0FFF0-6EF5-42C5-A4CA-41B38E0F83C9}"
EndProject
Project("{9A19103F-16F7-4668-BE54-9A1E7A4F7556}") = "Challenge.ServiceCollection", "Challenge.ServiceCollection\Challenge.ServiceCollection.csproj", "{0814DD7C-506A-4C87-A477-ADB9E6D172AF}"
EndProject
Project("{9A19103F-16F7-4668-BE54-9A1E7A4F7556}") = "Challenge.DataAccess", "Challenge.DataAccess\Challenge.DataAccess.csproj", "{A37DEB3F-6E8D-4F0B-8424-77D6F232DFC0}"
EndProject
Project("{9A19103F-16F7-4668-BE54-9A1E7A4F7556}") = "Challenge.Domain", "Challenge.Domain\Challenge.Domain.csproj", "{54025119-8DC5-4A68-AC6A-208ED06C4308}"
EndProject
Project("{9A19103F-16F7-4668-BE54-9A1E7A4F7556}") = "Challenge.Domain.DTO", "Challenge.Domain.DTO\Challenge.Domain.DTO.csproj", "{1CFAF2D1-1820-4AB2-B906-CB2AB2873517}"
EndProject
Project("{9A19103F-16F7-4668-BE54-9A1E7A4F7556}") = "Challenge.Services.IntegrationService", "Challenge.Services.IntegrationService\Challenge.Services.IntegrationService.csproj", "{9F59C7F2-FB09-4F9B-8C0E-850234F66068}"
EndProject
Project("{9A19103F-16F7-4668-BE54-9A1E7A4F7556}") = "Challenge.Application.Website", "Challenge.Application.Website\Challenge.Application.Website.csproj", "{A20B382C-C644-493F-99C7-0F08157CBAE6}"
EndProject
Project("{9A19103F-16F7-4668-BE54-9A1E7A4F7556}") = "Challenge.Common", "Challenge.Common\Challenge.Common.csproj", "{F131A8C6-ACDA-44CE-8DD7-DC3B4E8F6B06}"
EndProject
Global
	GlobalSection(SolutionConfigurationPlatforms) = preSolution
		Debug|Any CPU = Debug|Any CPU
		Release|Any CPU = Release|Any CPU
	EndGlobalSection
	GlobalSection(ProjectConfigurationPlatforms) = postSolution
		{2E2BCD23-816F-418A-AA51-7A28507E1BE4}.Debug|Any CPU.ActiveCfg = Debug|Any CPU
		{2E2BCD23-816F-418A-AA51-7A28507E1BE4}.Debug|Any CPU.Build.0 = Debug|Any CPU
		{2E2BCD23-816F-418A-AA51-7A28507E1BE4}.Release|Any CPU.ActiveCfg = Release|Any CPU
		{2E2BCD23-816F-418A-AA51-7A28507E1BE4}.Release|Any CPU.Build.0 = Release|Any CPU
		{8EB0FFF0-6EF5-42C5-A4CA-41B38E0F83C9}.Debug|Any CPU.ActiveCfg = Debug|Any CPU
		{8EB0FFF0-6EF5-42C5-A4CA-41B38E0F83C9}.Debug|Any CPU.Build.0 = Debug|Any CPU
		{8EB0FFF0-6EF5-42C5-A4CA-41B38E0F83C9}.Release|Any CPU.ActiveCfg = Release|Any CPU
		{8EB0FFF0-6EF5-42C5-A4CA-41B38E0F83C9}.Release|Any CPU.Build.0 = Release|Any CPU
		{0814DD7C-506A-4C87-A477-ADB9E6D172AF}.Debug|Any CPU.ActiveCfg = Debug|Any CPU
		{0814DD7C-506A-4C87-A477-ADB9E6D172AF}.Debug|Any CPU.Build.0 = Debug|Any CPU
		{0814DD7C-506A-4C87-A477-ADB9E6D172AF}.Release|Any CPU.ActiveCfg = Release|Any CPU
		{0814DD7C-506A-4C87-A477-ADB9E6D172AF}.Release|Any CPU.Build.0 = Release|Any CPU
		{A37DEB3F-6E8D-4F0B-8424-77D6F232DFC0}.Debug|Any CPU.ActiveCfg = Debug|Any CPU
		{A37DEB3F-6E8D-4F0B-8424-77D6F232DFC0}.Debug|Any CPU.Build.0 = Debug|Any CPU
		{A37DEB3F-6E8D-4F0B-8424-77D6F232DFC0}.Release|Any CPU.ActiveCfg = Release|Any CPU
		{A37DEB3F-6E8D-4F0B-8424-77D6F232DFC0}.Release|Any CPU.Build.0 = Release|Any CPU
		{54025119-8DC5-4A68-AC6A-208ED06C4308}.Debug|Any CPU.ActiveCfg = Debug|Any CPU
		{54025119-8DC5-4A68-AC6A-208ED06C4308}.Debug|Any CPU.Build.0 = Debug|Any CPU
		{54025119-8DC5-4A68-AC6A-208ED06C4308}.Release|Any CPU.ActiveCfg = Release|Any CPU
		{54025119-8DC5-4A68-AC6A-208ED06C4308}.Release|Any CPU.Build.0 = Release|Any CPU
		{1CFAF2D1-1820-4AB2-B906-CB2AB2873517}.Debug|Any CPU.ActiveCfg = Debug|Any CPU
		{1CFAF2D1-1820-4AB2-B906-CB2AB2873517}.Debug|Any CPU.Build.0 = Debug|Any CPU
		{1CFAF2D1-1820-4AB2-B906-CB2AB2873517}.Release|Any CPU.ActiveCfg = Release|Any CPU
		{1CFAF2D1-1820-4AB2-B906-CB2AB2873517}.Release|Any CPU.Build.0 = Release|Any CPU
		{9F59C7F2-FB09-4F9B-8C0E-850234F66068}.Debug|Any CPU.ActiveCfg = Debug|Any CPU
		{9F59C7F2-FB09-4F9B-8C0E-850234F66068}.Debug|Any CPU.Build.0 = Debug|Any CPU
		{9F59C7F2-FB09-4F9B-8C0E-850234F66068}.Release|Any CPU.ActiveCfg = Release|Any CPU
		{9F59C7F2-FB09-4F9B-8C0E-850234F66068}.Release|Any CPU.Build.0 = Release|Any CPU
		{A20B382C-C644-493F-99C7-0F08157CBAE6}.Debug|Any CPU.ActiveCfg = Debug|Any CPU
		{A20B382C-C644-493F-99C7-0F08157CBAE6}.Debug|Any CPU.Build.0 = Debug|Any CPU
		{A20B382C-C644-493F-99C7-0F08157CBAE6}.Release|Any CPU.ActiveCfg = Release|Any CPU
		{A20B382C-C644-493F-99C7-0F08157CBAE6}.Release|Any CPU.Build.0 = Release|Any CPU
		{F131A8C6-ACDA-44CE-8DD7-DC3B4E8F6B06}.Debug|Any CPU.ActiveCfg = Debug|Any CPU
		{F131A8C6-ACDA-44CE-8DD7-DC3B4E8F6B06}.Debug|Any CPU.Build.0 = Debug|Any CPU
		{F131A8C6-ACDA-44CE-8DD7-DC3B4E8F6B06}.Release|Any CPU.ActiveCfg = Release|Any CPU
		{F131A8C6-ACDA-44CE-8DD7-DC3B4E8F6B06}.Release|Any CPU.Build.0 = Release|Any CPU
	EndGlobalSection
	GlobalSection(SolutionProperties) = preSolution
		HideSolutionNode = FALSE
	EndGlobalSection
	GlobalSection(NestedProjects) = preSolution
		{0B5EA5C6-9305-451C-A2B9-D3A7598B3DC6} = {D231E5D4-A200-44C8-9FE8-12B79B809032}
		{A539ABB5-0C6B-4C23-A2BC-83E78D8A5974} = {D231E5D4-A200-44C8-9FE8-12B79B809032}
		{9DCDD611-8A8C-475E-BFCF-46F72087CDCD} = {D231E5D4-A200-44C8-9FE8-12B79B809032}
		{01EA3AC7-A7E8-4717-9437-880B08D10641} = {D231E5D4-A200-44C8-9FE8-12B79B809032}
		{F290A411-688B-4D66-B349-89633F714474} = {D231E5D4-A200-44C8-9FE8-12B79B809032}
		{2E2BCD23-816F-418A-AA51-7A28507E1BE4} = {F290A411-688B-4D66-B349-89633F714474}
		{8EB0FFF0-6EF5-42C5-A4CA-41B38E0F83C9} = {F290A411-688B-4D66-B349-89633F714474}
		{0814DD7C-506A-4C87-A477-ADB9E6D172AF} = {F290A411-688B-4D66-B349-89633F714474}
		{A37DEB3F-6E8D-4F0B-8424-77D6F232DFC0} = {9DCDD611-8A8C-475E-BFCF-46F72087CDCD}
		{54025119-8DC5-4A68-AC6A-208ED06C4308} = {01EA3AC7-A7E8-4717-9437-880B08D10641}
		{1CFAF2D1-1820-4AB2-B906-CB2AB2873517} = {01EA3AC7-A7E8-4717-9437-880B08D10641}
		{9F59C7F2-FB09-4F9B-8C0E-850234F66068} = {0B5EA5C6-9305-451C-A2B9-D3A7598B3DC6}
		{A20B382C-C644-493F-99C7-0F08157CBAE6} = {A539ABB5-0C6B-4C23-A2BC-83E78D8A5974}
		{F131A8C6-ACDA-44CE-8DD7-DC3B4E8F6B06} = {F290A411-688B-4D66-B349-89633F714474}
	EndGlobalSection
	GlobalSection(ExtensibilityGlobals) = postSolution
		SolutionGuid = {A188D3FB-B7C5-40C2-83C7-63D905016B12}
	EndGlobalSection
EndGlobal
